
Microsoft Visual Studio Solution File, Format Version 12.00
# Visual Studio Version 17
VisualStudioVersion = 17.0.31903.59
MinimumVisualStudioVersion = 10.0.40219.1
Project("{2150E333-8FDC-42A3-9474-1A3956D46DE8}") = "src", "src", "{827E0CD3-B72D-47B6-A68D-7590B98EB39B}"
EndProject
Project("{FAE04EC0-301F-11D3-BF4B-00C04F79EFBC}") = "BotCore", "src\BotCore\BotCore.csproj", "{D2C7D210-E022-4B32-950A-6CE2D993E822}"
EndProject
EndProject
Project("{2150E333-8FDC-42A3-9474-1A3956D46DE8}") = "examples", "examples", "{B36A84DF-456D-A817-6EDD-3EC3E7F6E11F}"
EndProject
Project("{FAE04EC0-301F-11D3-BF4B-00C04F79EFBC}") = "UpdaterAgent", "src\UpdaterAgent\UpdaterAgent.csproj", "{4D4F6E97-8D43-41A1-8694-7117D238846A}"
EndProject
Project("{FAE04EC0-301F-11D3-BF4B-00C04F79EFBC}") = "UnifiedOrchestrator", "src\UnifiedOrchestrator\UnifiedOrchestrator.csproj", "{F7E5B8A1-1234-4567-8901-234567890123}"
EndProject
Project("{2150E333-8FDC-42A3-9474-1A3956D46DE8}") = "tests", "tests", "{489943A7-7DC0-4BFE-99AF-524E29D60AAB}"
EndProject
Project("{FAE04EC0-301F-11D3-BF4B-00C04F79EFBC}") = "MLRLAuditTests", "tests\Unit\MLRLAuditTests.csproj", "{6611A98A-C6A3-40A4-9A9C-1241EC00750B}"
EndProject
Project("{FAE04EC0-301F-11D3-BF4B-00C04F79EFBC}") = "Abstractions", "src\Abstractions\Abstractions.csproj", "{A1B2C3D4-E5F6-7890-ABCD-EF1234567890}"
EndProject
Project("{FAE04EC0-301F-11D3-BF4B-00C04F79EFBC}") = "Backtest", "src\Backtest\Backtest.csproj", "{C9FDCD48-7931-9BE8-8103-1A8C0458DB0E}"
EndProject
Project("{FAE04EC0-301F-11D3-BF4B-00C04F79EFBC}") = "Alerts", "src\Infrastructure\Alerts\Alerts.csproj", "{053CDC81-7CEB-3FA3-002A-A6EE8F835B2B}"
EndProject
Project("{FAE04EC0-301F-11D3-BF4B-00C04F79EFBC}") = "IntelligenceAgent", "src\IntelligenceAgent\IntelligenceAgent.csproj", "{A4F088B8-5D68-DE85-7C9F-33E9862FE855}"
EndProject
Project("{FAE04EC0-301F-11D3-BF4B-00C04F79EFBC}") = "IntelligenceStack", "src\IntelligenceStack\IntelligenceStack.csproj", "{C40724D9-C48C-B326-3D32-238C7D1A5554}"
EndProject
Project("{FAE04EC0-301F-11D3-BF4B-00C04F79EFBC}") = "HistoricalTrainer", "src\ML\HistoricalTrainer\HistoricalTrainer.csproj", "{6FBC637C-31D2-C3BF-2E18-9C6029DBD67B}"
EndProject
Project("{FAE04EC0-301F-11D3-BF4B-00C04F79EFBC}") = "ML", "src\ML\ML.csproj", "{54DE90AE-A5D4-6005-D604-B381D53578DA}"
EndProject
Project("{FAE04EC0-301F-11D3-BF4B-00C04F79EFBC}") = "Monitoring", "src\Monitoring\Monitoring.csproj", "{A97BCF67-EFF4-807C-8C8E-4109DAF07E64}"
EndProject
Project("{FAE04EC0-301F-11D3-BF4B-00C04F79EFBC}") = "RLAgent", "src\RLAgent\RLAgent.csproj", "{1D9438A3-4EC9-3E57-A464-B323E922200A}"
EndProject
Project("{FAE04EC0-301F-11D3-BF4B-00C04F79EFBC}") = "Safety", "src\Safety\Safety.csproj", "{E62A7D20-3858-2560-F0D0-155004483FD0}"
EndProject
Project("{FAE04EC0-301F-11D3-BF4B-00C04F79EFBC}") = "Strategies", "src\Strategies\Strategies.csproj", "{F0A752B1-895D-DFE4-456F-56C18234C6C5}"
EndProject
Project("{FAE04EC0-301F-11D3-BF4B-00C04F79EFBC}") = "TopstepAuthAgent", "src\TopstepAuthAgent\TopstepAuthAgent.csproj", "{6C4CCEA9-A585-1DA5-8442-34A001F5AEDF}"
EndProject
Project("{FAE04EC0-301F-11D3-BF4B-00C04F79EFBC}") = "Zones", "src\Zones\Zones.csproj", "{9FA22404-0BB1-813E-332C-39FFEA5CE07A}"
EndProject
Project("{FAE04EC0-301F-11D3-BF4B-00C04F79EFBC}") = "S7", "src\S7\S7.csproj", "{D961AC1B-DCDA-4C9F-9FB8-794E47A098E9}"
EndProject
Global
	GlobalSection(SolutionConfigurationPlatforms) = preSolution
		Debug|Any CPU = Debug|Any CPU
		Debug|x64 = Debug|x64
		Debug|x86 = Debug|x86
		Release|Any CPU = Release|Any CPU
		Release|x64 = Release|x64
		Release|x86 = Release|x86
	EndGlobalSection
	GlobalSection(ProjectConfigurationPlatforms) = postSolution
		{D2C7D210-E022-4B32-950A-6CE2D993E822}.Debug|Any CPU.ActiveCfg = Debug|Any CPU
		{D2C7D210-E022-4B32-950A-6CE2D993E822}.Debug|Any CPU.Build.0 = Debug|Any CPU
		{D2C7D210-E022-4B32-950A-6CE2D993E822}.Debug|x64.ActiveCfg = Debug|Any CPU
		{D2C7D210-E022-4B32-950A-6CE2D993E822}.Debug|x64.Build.0 = Debug|Any CPU
		{D2C7D210-E022-4B32-950A-6CE2D993E822}.Debug|x86.ActiveCfg = Debug|Any CPU
		{D2C7D210-E022-4B32-950A-6CE2D993E822}.Debug|x86.Build.0 = Debug|Any CPU
		{D2C7D210-E022-4B32-950A-6CE2D993E822}.Release|Any CPU.ActiveCfg = Release|Any CPU
		{D2C7D210-E022-4B32-950A-6CE2D993E822}.Release|Any CPU.Build.0 = Release|Any CPU
		{D2C7D210-E022-4B32-950A-6CE2D993E822}.Release|x64.ActiveCfg = Release|Any CPU
		{D2C7D210-E022-4B32-950A-6CE2D993E822}.Release|x64.Build.0 = Release|Any CPU
		{D2C7D210-E022-4B32-950A-6CE2D993E822}.Release|x86.ActiveCfg = Release|Any CPU
		{D2C7D210-E022-4B32-950A-6CE2D993E822}.Release|x86.Build.0 = Release|Any CPU
		{4D4F6E97-8D43-41A1-8694-7117D238846A}.Debug|Any CPU.ActiveCfg = Debug|Any CPU
		{4D4F6E97-8D43-41A1-8694-7117D238846A}.Debug|Any CPU.Build.0 = Debug|Any CPU
		{4D4F6E97-8D43-41A1-8694-7117D238846A}.Debug|x64.ActiveCfg = Debug|Any CPU
		{4D4F6E97-8D43-41A1-8694-7117D238846A}.Debug|x64.Build.0 = Debug|Any CPU
		{4D4F6E97-8D43-41A1-8694-7117D238846A}.Debug|x86.ActiveCfg = Debug|Any CPU
		{4D4F6E97-8D43-41A1-8694-7117D238846A}.Debug|x86.Build.0 = Debug|Any CPU
		{4D4F6E97-8D43-41A1-8694-7117D238846A}.Release|Any CPU.ActiveCfg = Release|Any CPU
		{4D4F6E97-8D43-41A1-8694-7117D238846A}.Release|Any CPU.Build.0 = Release|Any CPU
		{4D4F6E97-8D43-41A1-8694-7117D238846A}.Release|x64.ActiveCfg = Release|Any CPU
		{4D4F6E97-8D43-41A1-8694-7117D238846A}.Release|x64.Build.0 = Release|Any CPU
		{4D4F6E97-8D43-41A1-8694-7117D238846A}.Release|x86.ActiveCfg = Release|Any CPU
		{4D4F6E97-8D43-41A1-8694-7117D238846A}.Release|x86.Build.0 = Release|Any CPU
		{F7E5B8A1-1234-4567-8901-234567890123}.Debug|Any CPU.ActiveCfg = Debug|Any CPU
		{F7E5B8A1-1234-4567-8901-234567890123}.Debug|Any CPU.Build.0 = Debug|Any CPU
		{F7E5B8A1-1234-4567-8901-234567890123}.Debug|x64.ActiveCfg = Debug|Any CPU
		{F7E5B8A1-1234-4567-8901-234567890123}.Debug|x64.Build.0 = Debug|Any CPU
		{F7E5B8A1-1234-4567-8901-234567890123}.Debug|x86.ActiveCfg = Debug|Any CPU
		{F7E5B8A1-1234-4567-8901-234567890123}.Debug|x86.Build.0 = Debug|Any CPU
		{F7E5B8A1-1234-4567-8901-234567890123}.Release|Any CPU.ActiveCfg = Release|Any CPU
		{F7E5B8A1-1234-4567-8901-234567890123}.Release|Any CPU.Build.0 = Release|Any CPU
		{F7E5B8A1-1234-4567-8901-234567890123}.Release|x64.ActiveCfg = Release|Any CPU
		{F7E5B8A1-1234-4567-8901-234567890123}.Release|x64.Build.0 = Release|Any CPU
		{F7E5B8A1-1234-4567-8901-234567890123}.Release|x86.ActiveCfg = Release|Any CPU
		{F7E5B8A1-1234-4567-8901-234567890123}.Release|x86.Build.0 = Release|Any CPU
		{6611A98A-C6A3-40A4-9A9C-1241EC00750B}.Debug|Any CPU.ActiveCfg = Debug|Any CPU
		{6611A98A-C6A3-40A4-9A9C-1241EC00750B}.Debug|Any CPU.Build.0 = Debug|Any CPU
		{6611A98A-C6A3-40A4-9A9C-1241EC00750B}.Debug|x64.ActiveCfg = Debug|Any CPU
		{6611A98A-C6A3-40A4-9A9C-1241EC00750B}.Debug|x64.Build.0 = Debug|Any CPU
		{6611A98A-C6A3-40A4-9A9C-1241EC00750B}.Debug|x86.ActiveCfg = Debug|Any CPU
		{6611A98A-C6A3-40A4-9A9C-1241EC00750B}.Debug|x86.Build.0 = Debug|Any CPU
		{6611A98A-C6A3-40A4-9A9C-1241EC00750B}.Release|Any CPU.ActiveCfg = Release|Any CPU
		{6611A98A-C6A3-40A4-9A9C-1241EC00750B}.Release|Any CPU.Build.0 = Release|Any CPU
		{6611A98A-C6A3-40A4-9A9C-1241EC00750B}.Release|x64.ActiveCfg = Release|Any CPU
		{6611A98A-C6A3-40A4-9A9C-1241EC00750B}.Release|x64.Build.0 = Release|Any CPU
		{6611A98A-C6A3-40A4-9A9C-1241EC00750B}.Release|x86.ActiveCfg = Release|Any CPU
		{6611A98A-C6A3-40A4-9A9C-1241EC00750B}.Release|x86.Build.0 = Release|Any CPU
		{A1B2C3D4-E5F6-7890-ABCD-EF1234567890}.Debug|Any CPU.ActiveCfg = Debug|Any CPU
		{A1B2C3D4-E5F6-7890-ABCD-EF1234567890}.Debug|Any CPU.Build.0 = Debug|Any CPU
		{A1B2C3D4-E5F6-7890-ABCD-EF1234567890}.Debug|x64.ActiveCfg = Debug|Any CPU
		{A1B2C3D4-E5F6-7890-ABCD-EF1234567890}.Debug|x64.Build.0 = Debug|Any CPU
		{A1B2C3D4-E5F6-7890-ABCD-EF1234567890}.Debug|x86.ActiveCfg = Debug|Any CPU
		{A1B2C3D4-E5F6-7890-ABCD-EF1234567890}.Debug|x86.Build.0 = Debug|Any CPU
		{A1B2C3D4-E5F6-7890-ABCD-EF1234567890}.Release|Any CPU.ActiveCfg = Release|Any CPU
		{A1B2C3D4-E5F6-7890-ABCD-EF1234567890}.Release|Any CPU.Build.0 = Release|Any CPU
		{A1B2C3D4-E5F6-7890-ABCD-EF1234567890}.Release|x64.ActiveCfg = Release|Any CPU
		{A1B2C3D4-E5F6-7890-ABCD-EF1234567890}.Release|x64.Build.0 = Release|Any CPU
		{A1B2C3D4-E5F6-7890-ABCD-EF1234567890}.Release|x86.ActiveCfg = Release|Any CPU
		{A1B2C3D4-E5F6-7890-ABCD-EF1234567890}.Release|x86.Build.0 = Release|Any CPU
		{D961AC1B-DCDA-4C9F-9FB8-794E47A098E9}.Debug|Any CPU.ActiveCfg = Debug|Any CPU
		{D961AC1B-DCDA-4C9F-9FB8-794E47A098E9}.Debug|Any CPU.Build.0 = Debug|Any CPU
		{D961AC1B-DCDA-4C9F-9FB8-794E47A098E9}.Debug|x64.ActiveCfg = Debug|Any CPU
		{D961AC1B-DCDA-4C9F-9FB8-794E47A098E9}.Debug|x64.Build.0 = Debug|Any CPU
		{D961AC1B-DCDA-4C9F-9FB8-794E47A098E9}.Debug|x86.ActiveCfg = Debug|Any CPU
		{D961AC1B-DCDA-4C9F-9FB8-794E47A098E9}.Debug|x86.Build.0 = Debug|Any CPU
		{D961AC1B-DCDA-4C9F-9FB8-794E47A098E9}.Release|Any CPU.ActiveCfg = Release|Any CPU
		{D961AC1B-DCDA-4C9F-9FB8-794E47A098E9}.Release|Any CPU.Build.0 = Release|Any CPU
		{D961AC1B-DCDA-4C9F-9FB8-794E47A098E9}.Release|x64.ActiveCfg = Release|Any CPU
		{D961AC1B-DCDA-4C9F-9FB8-794E47A098E9}.Release|x64.Build.0 = Release|Any CPU
		{D961AC1B-DCDA-4C9F-9FB8-794E47A098E9}.Release|x86.ActiveCfg = Release|Any CPU
		{D961AC1B-DCDA-4C9F-9FB8-794E47A098E9}.Release|x86.Build.0 = Release|Any CPU
	EndGlobalSection
	GlobalSection(SolutionProperties) = preSolution
		HideSolutionNode = FALSE
	EndGlobalSection
	GlobalSection(NestedProjects) = preSolution
		{D2C7D210-E022-4B32-950A-6CE2D993E822} = {827E0CD3-B72D-47B6-A68D-7590B98EB39B}
		{4D4F6E97-8D43-41A1-8694-7117D238846A} = {827E0CD3-B72D-47B6-A68D-7590B98EB39B}
		{F7E5B8A1-1234-4567-8901-234567890123} = {827E0CD3-B72D-47B6-A68D-7590B98EB39B}
		{6611A98A-C6A3-40A4-9A9C-1241EC00750B} = {489943A7-7DC0-4BFE-99AF-524E29D60AAB}
		{A1B2C3D4-E5F6-7890-ABCD-EF1234567890} = {827E0CD3-B72D-47B6-A68D-7590B98EB39B}
		{D961AC1B-DCDA-4C9F-9FB8-794E47A098E9} = {827E0CD3-B72D-47B6-A68D-7590B98EB39B}
	EndGlobalSection
EndGlobal
